
Microsoft Visual Studio Solution File, Format Version 12.00
# Visual Studio Version 16
VisualStudioVersion = 16.0.32106.194
MinimumVisualStudioVersion = 10.0.40219.1
Project("{FAE04EC0-301F-11D3-BF4B-00C04F79EFBC}") = "Library", "Library\Library.csproj", "{E0F197CD-DDB0-4A79-8CD1-596B2D5ED82B}"
EndProject
Global
	GlobalSection(SolutionConfigurationPlatforms) = preSolution
		Debug|Any CPU = Debug|Any CPU
		Release|Any CPU = Release|Any CPU
	EndGlobalSection
	GlobalSection(ProjectConfigurationPlatforms) = postSolution
		{E0F197CD-DDB0-4A79-8CD1-596B2D5ED82B}.Debug|Any CPU.ActiveCfg = Debug|Any CPU
		{E0F197CD-DDB0-4A79-8CD1-596B2D5ED82B}.Debug|Any CPU.Build.0 = Debug|Any CPU
		{E0F197CD-DDB0-4A79-8CD1-596B2D5ED82B}.Release|Any CPU.ActiveCfg = Release|Any CPU
		{E0F197CD-DDB0-4A79-8CD1-596B2D5ED82B}.Release|Any CPU.Build.0 = Release|Any CPU
	EndGlobalSection
	GlobalSection(SolutionProperties) = preSolution
		HideSolutionNode = FALSE
	EndGlobalSection
	GlobalSection(ExtensibilityGlobals) = postSolution
		SolutionGuid = {C75400D7-5B98-4D58-8B5B-52F57F37FF27}
	EndGlobalSection
EndGlobal
